
Microsoft Visual Studio Solution File, Format Version 12.00
# Visual Studio Version 17
VisualStudioVersion = 17.13.35919.96
MinimumVisualStudioVersion = 10.0.40219.1
Project("{FAE04EC0-301F-11D3-BF4B-00C04F79EFBC}") = "Chasser", "Chasser\Chasser.csproj", "{08454096-E60E-4757-800E-C5CFA0965C93}"
EndProject
Global
	GlobalSection(SolutionConfigurationPlatforms) = preSolution
		Debug|Any CPU = Debug|Any CPU
		Release|Any CPU = Release|Any CPU
	EndGlobalSection
	GlobalSection(ProjectConfigurationPlatforms) = postSolution
		{08454096-E60E-4757-800E-C5CFA0965C93}.Debug|Any CPU.ActiveCfg = Debug|Any CPU
		{08454096-E60E-4757-800E-C5CFA0965C93}.Debug|Any CPU.Build.0 = Debug|Any CPU
		{08454096-E60E-4757-800E-C5CFA0965C93}.Release|Any CPU.ActiveCfg = Release|Any CPU
		{08454096-E60E-4757-800E-C5CFA0965C93}.Release|Any CPU.Build.0 = Release|Any CPU
	EndGlobalSection
	GlobalSection(SolutionProperties) = preSolution
		HideSolutionNode = FALSE
	EndGlobalSection
	GlobalSection(ExtensibilityGlobals) = postSolution
		SolutionGuid = {80267966-1864-4DA0-AEDC-1B3BB68FD2FF}
	EndGlobalSection
EndGlobal
